// !$*UTF8*$!
{
	archiveVersion = 1;
	classes = {
	};
	objectVersion = 46;
	objects = {

/* Begin PBXBuildFile section */
		B9227F0815CBBF1F005216A8 /* UIKit.framework in Frameworks */ = {isa = PBXBuildFile; fileRef = B9227F0715CBBF1F005216A8 /* UIKit.framework */; };
		B9227F0A15CBBF1F005216A8 /* Foundation.framework in Frameworks */ = {isa = PBXBuildFile; fileRef = B9227F0915CBBF1F005216A8 /* Foundation.framework */; };
		B9227F0C15CBBF1F005216A8 /* CoreGraphics.framework in Frameworks */ = {isa = PBXBuildFile; fileRef = B9227F0B15CBBF1F005216A8 /* CoreGraphics.framework */; };
		B9227F1215CBBF1F005216A8 /* InfoPlist.strings in Resources */ = {isa = PBXBuildFile; fileRef = B9227F1015CBBF1F005216A8 /* InfoPlist.strings */; };
		B9227F1415CBBF1F005216A8 /* main.m in Sources */ = {isa = PBXBuildFile; fileRef = B9227F1315CBBF1F005216A8 /* main.m */; };
		B9227F1815CBBF1F005216A8 /* GRAppDelegate.m in Sources */ = {isa = PBXBuildFile; fileRef = B9227F1715CBBF1F005216A8 /* GRAppDelegate.m */; };
		B9227F1B15CBBF1F005216A8 /* MainStoryboard_iPhone.storyboard in Resources */ = {isa = PBXBuildFile; fileRef = B9227F1915CBBF1F005216A8 /* MainStoryboard_iPhone.storyboard */; };
		B9227F1E15CBBF1F005216A8 /* MainStoryboard_iPad.storyboard in Resources */ = {isa = PBXBuildFile; fileRef = B9227F1C15CBBF1F005216A8 /* MainStoryboard_iPad.storyboard */; };
		B9227F2F15CBBF5A005216A8 /* MagazineGridViewCellViewController.m in Sources */ = {isa = PBXBuildFile; fileRef = B9227F2915CBBF5A005216A8 /* MagazineGridViewCellViewController.m */; };
		B9227F3015CBBF5A005216A8 /* MagazineGridViewCell.m in Sources */ = {isa = PBXBuildFile; fileRef = B9227F2B15CBBF5A005216A8 /* MagazineGridViewCell.m */; };
		B9227F3115CBBF5A005216A8 /* MagazineGridViewCell.xib in Resources */ = {isa = PBXBuildFile; fileRef = B9227F2C15CBBF5A005216A8 /* MagazineGridViewCell.xib */; };
		B9227F3215CBBF5A005216A8 /* MagazineReaderViewController.m in Sources */ = {isa = PBXBuildFile; fileRef = B9227F2E15CBBF5A005216A8 /* MagazineReaderViewController.m */; };
		B9227F3C15CBBF97005216A8 /* MBProgressHUD.m in Sources */ = {isa = PBXBuildFile; fileRef = B9227F3915CBBF97005216A8 /* MBProgressHUD.m */; };
		B9227F3D15CBBF97005216A8 /* Reachability.m in Sources */ = {isa = PBXBuildFile; fileRef = B9227F3B15CBBF97005216A8 /* Reachability.m */; };
		B9227F5615CBBFDA005216A8 /* AQGridView.m in Sources */ = {isa = PBXBuildFile; fileRef = B9227F4015CBBFDA005216A8 /* AQGridView.m */; };
		B9227F5715CBBFDA005216A8 /* AQGridViewAnimatorItem.m in Sources */ = {isa = PBXBuildFile; fileRef = B9227F4415CBBFDA005216A8 /* AQGridViewAnimatorItem.m */; };
		B9227F5815CBBFDA005216A8 /* AQGridViewCell.m in Sources */ = {isa = PBXBuildFile; fileRef = B9227F4615CBBFDA005216A8 /* AQGridViewCell.m */; };
		B9227F5915CBBFDA005216A8 /* AQGridViewController.m in Sources */ = {isa = PBXBuildFile; fileRef = B9227F4915CBBFDA005216A8 /* AQGridViewController.m */; };
		B9227F5A15CBBFDA005216A8 /* AQGridViewData.m in Sources */ = {isa = PBXBuildFile; fileRef = B9227F4B15CBBFDA005216A8 /* AQGridViewData.m */; };
		B9227F5B15CBBFDA005216A8 /* AQGridViewUpdateInfo.m in Sources */ = {isa = PBXBuildFile; fileRef = B9227F4D15CBBFDA005216A8 /* AQGridViewUpdateInfo.m */; };
		B9227F5C15CBBFDA005216A8 /* AQGridViewUpdateItem.m in Sources */ = {isa = PBXBuildFile; fileRef = B9227F4F15CBBFDA005216A8 /* AQGridViewUpdateItem.m */; };
		B9227F5D15CBBFDA005216A8 /* NSIndexSet+AQIndexesOutsideSet.m in Sources */ = {isa = PBXBuildFile; fileRef = B9227F5115CBBFDA005216A8 /* NSIndexSet+AQIndexesOutsideSet.m */; };
		B9227F5E15CBBFDA005216A8 /* NSIndexSet+AQIsSetContiguous.m in Sources */ = {isa = PBXBuildFile; fileRef = B9227F5315CBBFDA005216A8 /* NSIndexSet+AQIsSetContiguous.m */; };
		B9227F5F15CBBFDA005216A8 /* UIColor+AQGridView.m in Sources */ = {isa = PBXBuildFile; fileRef = B9227F5515CBBFDA005216A8 /* UIColor+AQGridView.m */; };
		B9227F6315CBBFE3005216A8 /* iPhone-alert.png in Resources */ = {isa = PBXBuildFile; fileRef = B9227F6015CBBFE3005216A8 /* iPhone-alert.png */; };
		B9227F6415CBBFE3005216A8 /* ipad-alert.png in Resources */ = {isa = PBXBuildFile; fileRef = B9227F6115CBBFE3005216A8 /* ipad-alert.png */; };
		B9227F6515CBBFE3005216A8 /* no-image.png in Resources */ = {isa = PBXBuildFile; fileRef = B9227F6215CBBFE3005216A8 /* no-image.png */; };
		B9227F6815CBC026005216A8 /* ImageIO.framework in Frameworks */ = {isa = PBXBuildFile; fileRef = B9227F6715CBC026005216A8 /* ImageIO.framework */; };
		B9227F6A15CBC031005216A8 /* MessageUI.framework in Frameworks */ = {isa = PBXBuildFile; fileRef = B9227F6915CBC031005216A8 /* MessageUI.framework */; };
		B9227F6C15CBC040005216A8 /* StoreKit.framework in Frameworks */ = {isa = PBXBuildFile; fileRef = B9227F6B15CBC040005216A8 /* StoreKit.framework */; };
		B9227F6E15CBC046005216A8 /* SystemConfiguration.framework in Frameworks */ = {isa = PBXBuildFile; fileRef = B9227F6D15CBC046005216A8 /* SystemConfiguration.framework */; };
		B9227F7015CBC053005216A8 /* QuartzCore.framework in Frameworks */ = {isa = PBXBuildFile; fileRef = B9227F6F15CBC053005216A8 /* QuartzCore.framework */; };
		B997A1B915F763A6007C0367 /* PDFViewerViewController.m in Sources */ = {isa = PBXBuildFile; fileRef = B997A1B815F763A6007C0367 /* PDFViewerViewController.m */; };
		B997A1C715F773BF007C0367 /* Default-Portrait~ipad.png in Resources */ = {isa = PBXBuildFile; fileRef = B997A1C615F773BF007C0367 /* Default-Portrait~ipad.png */; };
		B997A1CC15F773FE007C0367 /* iphone_icon.png in Resources */ = {isa = PBXBuildFile; fileRef = B997A1CB15F773FE007C0367 /* iphone_icon.png */; };
		B997A1CF15F774CD007C0367 /* UIDownloadBar.m in Sources */ = {isa = PBXBuildFile; fileRef = B997A1CE15F774CD007C0367 /* UIDownloadBar.m */; };
/* End PBXBuildFile section */

/* Begin PBXFileReference section */
		B9227F0315CBBF1F005216A8 /* NewsstandMagazine.app */ = {isa = PBXFileReference; explicitFileType = wrapper.application; includeInIndex = 0; path = NewsstandMagazine.app; sourceTree = BUILT_PRODUCTS_DIR; };
		B9227F0715CBBF1F005216A8 /* UIKit.framework */ = {isa = PBXFileReference; lastKnownFileType = wrapper.framework; name = UIKit.framework; path = System/Library/Frameworks/UIKit.framework; sourceTree = SDKROOT; };
		B9227F0915CBBF1F005216A8 /* Foundation.framework */ = {isa = PBXFileReference; lastKnownFileType = wrapper.framework; name = Foundation.framework; path = System/Library/Frameworks/Foundation.framework; sourceTree = SDKROOT; };
		B9227F0B15CBBF1F005216A8 /* CoreGraphics.framework */ = {isa = PBXFileReference; lastKnownFileType = wrapper.framework; name = CoreGraphics.framework; path = System/Library/Frameworks/CoreGraphics.framework; sourceTree = SDKROOT; };
		B9227F0F15CBBF1F005216A8 /* NewsstandMagazine-Info.plist */ = {isa = PBXFileReference; lastKnownFileType = text.plist.xml; path = "NewsstandMagazine-Info.plist"; sourceTree = "<group>"; };
		B9227F1115CBBF1F005216A8 /* en */ = {isa = PBXFileReference; lastKnownFileType = text.plist.strings; name = en; path = en.lproj/InfoPlist.strings; sourceTree = "<group>"; };
		B9227F1315CBBF1F005216A8 /* main.m */ = {isa = PBXFileReference; lastKnownFileType = sourcecode.c.objc; path = main.m; sourceTree = "<group>"; };
		B9227F1515CBBF1F005216A8 /* NewsstandMagazine-Prefix.pch */ = {isa = PBXFileReference; lastKnownFileType = sourcecode.c.h; path = "NewsstandMagazine-Prefix.pch"; sourceTree = "<group>"; };
		B9227F1615CBBF1F005216A8 /* GRAppDelegate.h */ = {isa = PBXFileReference; lastKnownFileType = sourcecode.c.h; path = GRAppDelegate.h; sourceTree = "<group>"; };
		B9227F1715CBBF1F005216A8 /* GRAppDelegate.m */ = {isa = PBXFileReference; lastKnownFileType = sourcecode.c.objc; path = GRAppDelegate.m; sourceTree = "<group>"; };
		B9227F1A15CBBF1F005216A8 /* en */ = {isa = PBXFileReference; lastKnownFileType = file.storyboard; name = en; path = en.lproj/MainStoryboard_iPhone.storyboard; sourceTree = "<group>"; };
		B9227F1D15CBBF1F005216A8 /* en */ = {isa = PBXFileReference; lastKnownFileType = file.storyboard; name = en; path = en.lproj/MainStoryboard_iPad.storyboard; sourceTree = "<group>"; };
		B9227F2815CBBF5A005216A8 /* MagazineGridViewCellViewController.h */ = {isa = PBXFileReference; fileEncoding = 4; lastKnownFileType = sourcecode.c.h; path = MagazineGridViewCellViewController.h; sourceTree = "<group>"; };
		B9227F2915CBBF5A005216A8 /* MagazineGridViewCellViewController.m */ = {isa = PBXFileReference; fileEncoding = 4; lastKnownFileType = sourcecode.c.objc; path = MagazineGridViewCellViewController.m; sourceTree = "<group>"; };
		B9227F2A15CBBF5A005216A8 /* MagazineGridViewCell.h */ = {isa = PBXFileReference; fileEncoding = 4; lastKnownFileType = sourcecode.c.h; path = MagazineGridViewCell.h; sourceTree = "<group>"; };
		B9227F2B15CBBF5A005216A8 /* MagazineGridViewCell.m */ = {isa = PBXFileReference; fileEncoding = 4; lastKnownFileType = sourcecode.c.objc; path = MagazineGridViewCell.m; sourceTree = "<group>"; };
		B9227F2C15CBBF5A005216A8 /* MagazineGridViewCell.xib */ = {isa = PBXFileReference; fileEncoding = 4; lastKnownFileType = file.xib; path = MagazineGridViewCell.xib; sourceTree = "<group>"; };
		B9227F2D15CBBF5A005216A8 /* MagazineReaderViewController.h */ = {isa = PBXFileReference; fileEncoding = 4; lastKnownFileType = sourcecode.c.h; path = MagazineReaderViewController.h; sourceTree = "<group>"; };
		B9227F2E15CBBF5A005216A8 /* MagazineReaderViewController.m */ = {isa = PBXFileReference; fileEncoding = 4; lastKnownFileType = sourcecode.c.objc; path = MagazineReaderViewController.m; sourceTree = "<group>"; };
		B9227F3815CBBF97005216A8 /* MBProgressHUD.h */ = {isa = PBXFileReference; fileEncoding = 4; lastKnownFileType = sourcecode.c.h; path = MBProgressHUD.h; sourceTree = "<group>"; };
		B9227F3915CBBF97005216A8 /* MBProgressHUD.m */ = {isa = PBXFileReference; fileEncoding = 4; lastKnownFileType = sourcecode.c.objc; path = MBProgressHUD.m; sourceTree = "<group>"; };
		B9227F3A15CBBF97005216A8 /* Reachability.h */ = {isa = PBXFileReference; fileEncoding = 4; lastKnownFileType = sourcecode.c.h; path = Reachability.h; sourceTree = "<group>"; };
		B9227F3B15CBBF97005216A8 /* Reachability.m */ = {isa = PBXFileReference; fileEncoding = 4; lastKnownFileType = sourcecode.c.objc; path = Reachability.m; sourceTree = "<group>"; };
		B9227F3F15CBBFDA005216A8 /* AQGridView.h */ = {isa = PBXFileReference; fileEncoding = 4; lastKnownFileType = sourcecode.c.h; path = AQGridView.h; sourceTree = "<group>"; };
		B9227F4015CBBFDA005216A8 /* AQGridView.m */ = {isa = PBXFileReference; fileEncoding = 4; lastKnownFileType = sourcecode.c.objc; path = AQGridView.m; sourceTree = "<group>"; };
		B9227F4115CBBFDA005216A8 /* AQGridView+CellLayout.h */ = {isa = PBXFileReference; fileEncoding = 4; lastKnownFileType = sourcecode.c.h; path = "AQGridView+CellLayout.h"; sourceTree = "<group>"; };
		B9227F4215CBBFDA005216A8 /* AQGridView+CellLocationDelegation.h */ = {isa = PBXFileReference; fileEncoding = 4; lastKnownFileType = sourcecode.c.h; path = "AQGridView+CellLocationDelegation.h"; sourceTree = "<group>"; };
		B9227F4315CBBFDA005216A8 /* AQGridViewAnimatorItem.h */ = {isa = PBXFileReference; fileEncoding = 4; lastKnownFileType = sourcecode.c.h; path = AQGridViewAnimatorItem.h; sourceTree = "<group>"; };
		B9227F4415CBBFDA005216A8 /* AQGridViewAnimatorItem.m */ = {isa = PBXFileReference; fileEncoding = 4; lastKnownFileType = sourcecode.c.objc; path = AQGridViewAnimatorItem.m; sourceTree = "<group>"; };
		B9227F4515CBBFDA005216A8 /* AQGridViewCell.h */ = {isa = PBXFileReference; fileEncoding = 4; lastKnownFileType = sourcecode.c.h; path = AQGridViewCell.h; sourceTree = "<group>"; };
		B9227F4615CBBFDA005216A8 /* AQGridViewCell.m */ = {isa = PBXFileReference; fileEncoding = 4; lastKnownFileType = sourcecode.c.objc; path = AQGridViewCell.m; sourceTree = "<group>"; };
		B9227F4715CBBFDA005216A8 /* AQGridViewCell+AQGridViewCellPrivate.h */ = {isa = PBXFileReference; fileEncoding = 4; lastKnownFileType = sourcecode.c.h; path = "AQGridViewCell+AQGridViewCellPrivate.h"; sourceTree = "<group>"; };
		B9227F4815CBBFDA005216A8 /* AQGridViewController.h */ = {isa = PBXFileReference; fileEncoding = 4; lastKnownFileType = sourcecode.c.h; path = AQGridViewController.h; sourceTree = "<group>"; };
		B9227F4915CBBFDA005216A8 /* AQGridViewController.m */ = {isa = PBXFileReference; fileEncoding = 4; lastKnownFileType = sourcecode.c.objc; path = AQGridViewController.m; sourceTree = "<group>"; };
		B9227F4A15CBBFDA005216A8 /* AQGridViewData.h */ = {isa = PBXFileReference; fileEncoding = 4; lastKnownFileType = sourcecode.c.h; path = AQGridViewData.h; sourceTree = "<group>"; };
		B9227F4B15CBBFDA005216A8 /* AQGridViewData.m */ = {isa = PBXFileReference; fileEncoding = 4; lastKnownFileType = sourcecode.c.objc; path = AQGridViewData.m; sourceTree = "<group>"; };
		B9227F4C15CBBFDA005216A8 /* AQGridViewUpdateInfo.h */ = {isa = PBXFileReference; fileEncoding = 4; lastKnownFileType = sourcecode.c.h; path = AQGridViewUpdateInfo.h; sourceTree = "<group>"; };
		B9227F4D15CBBFDA005216A8 /* AQGridViewUpdateInfo.m */ = {isa = PBXFileReference; fileEncoding = 4; lastKnownFileType = sourcecode.c.objc; path = AQGridViewUpdateInfo.m; sourceTree = "<group>"; };
		B9227F4E15CBBFDA005216A8 /* AQGridViewUpdateItem.h */ = {isa = PBXFileReference; fileEncoding = 4; lastKnownFileType = sourcecode.c.h; path = AQGridViewUpdateItem.h; sourceTree = "<group>"; };
		B9227F4F15CBBFDA005216A8 /* AQGridViewUpdateItem.m */ = {isa = PBXFileReference; fileEncoding = 4; lastKnownFileType = sourcecode.c.objc; path = AQGridViewUpdateItem.m; sourceTree = "<group>"; };
		B9227F5015CBBFDA005216A8 /* NSIndexSet+AQIndexesOutsideSet.h */ = {isa = PBXFileReference; fileEncoding = 4; lastKnownFileType = sourcecode.c.h; path = "NSIndexSet+AQIndexesOutsideSet.h"; sourceTree = "<group>"; };
		B9227F5115CBBFDA005216A8 /* NSIndexSet+AQIndexesOutsideSet.m */ = {isa = PBXFileReference; fileEncoding = 4; lastKnownFileType = sourcecode.c.objc; path = "NSIndexSet+AQIndexesOutsideSet.m"; sourceTree = "<group>"; };
		B9227F5215CBBFDA005216A8 /* NSIndexSet+AQIsSetContiguous.h */ = {isa = PBXFileReference; fileEncoding = 4; lastKnownFileType = sourcecode.c.h; path = "NSIndexSet+AQIsSetContiguous.h"; sourceTree = "<group>"; };
		B9227F5315CBBFDA005216A8 /* NSIndexSet+AQIsSetContiguous.m */ = {isa = PBXFileReference; fileEncoding = 4; lastKnownFileType = sourcecode.c.objc; path = "NSIndexSet+AQIsSetContiguous.m"; sourceTree = "<group>"; };
		B9227F5415CBBFDA005216A8 /* UIColor+AQGridView.h */ = {isa = PBXFileReference; fileEncoding = 4; lastKnownFileType = sourcecode.c.h; path = "UIColor+AQGridView.h"; sourceTree = "<group>"; };
		B9227F5515CBBFDA005216A8 /* UIColor+AQGridView.m */ = {isa = PBXFileReference; fileEncoding = 4; lastKnownFileType = sourcecode.c.objc; path = "UIColor+AQGridView.m"; sourceTree = "<group>"; };
		B9227F6015CBBFE3005216A8 /* iPhone-alert.png */ = {isa = PBXFileReference; lastKnownFileType = image.png; path = "iPhone-alert.png"; sourceTree = "<group>"; };
		B9227F6115CBBFE3005216A8 /* ipad-alert.png */ = {isa = PBXFileReference; lastKnownFileType = image.png; path = "ipad-alert.png"; sourceTree = "<group>"; };
		B9227F6215CBBFE3005216A8 /* no-image.png */ = {isa = PBXFileReference; lastKnownFileType = image.png; path = "no-image.png"; sourceTree = "<group>"; };
		B9227F6715CBC026005216A8 /* ImageIO.framework */ = {isa = PBXFileReference; lastKnownFileType = wrapper.framework; name = ImageIO.framework; path = System/Library/Frameworks/ImageIO.framework; sourceTree = SDKROOT; };
		B9227F6915CBC031005216A8 /* MessageUI.framework */ = {isa = PBXFileReference; lastKnownFileType = wrapper.framework; name = MessageUI.framework; path = System/Library/Frameworks/MessageUI.framework; sourceTree = SDKROOT; };
		B9227F6B15CBC040005216A8 /* StoreKit.framework */ = {isa = PBXFileReference; lastKnownFileType = wrapper.framework; name = StoreKit.framework; path = System/Library/Frameworks/StoreKit.framework; sourceTree = SDKROOT; };
		B9227F6D15CBC046005216A8 /* SystemConfiguration.framework */ = {isa = PBXFileReference; lastKnownFileType = wrapper.framework; name = SystemConfiguration.framework; path = System/Library/Frameworks/SystemConfiguration.framework; sourceTree = SDKROOT; };
		B9227F6F15CBC053005216A8 /* QuartzCore.framework */ = {isa = PBXFileReference; lastKnownFileType = wrapper.framework; name = QuartzCore.framework; path = System/Library/Frameworks/QuartzCore.framework; sourceTree = SDKROOT; };
		B997A1B715F763A6007C0367 /* PDFViewerViewController.h */ = {isa = PBXFileReference; fileEncoding = 4; lastKnownFileType = sourcecode.c.h; path = PDFViewerViewController.h; sourceTree = "<group>"; };
		B997A1B815F763A6007C0367 /* PDFViewerViewController.m */ = {isa = PBXFileReference; fileEncoding = 4; lastKnownFileType = sourcecode.c.objc; path = PDFViewerViewController.m; sourceTree = "<group>"; };
		B997A1C615F773BF007C0367 /* Default-Portrait~ipad.png */ = {isa = PBXFileReference; lastKnownFileType = image.png; path = "Default-Portrait~ipad.png"; sourceTree = "<group>"; };
		B997A1C915F773ED007C0367 /* Default.png */ = {isa = PBXFileReference; lastKnownFileType = image.png; path = Default.png; sourceTree = "<group>"; };
		B997A1CB15F773FE007C0367 /* iphone_icon.png */ = {isa = PBXFileReference; lastKnownFileType = image.png; path = iphone_icon.png; sourceTree = "<group>"; };
		B997A1CD15F774CD007C0367 /* UIDownloadBar.h */ = {isa = PBXFileReference; fileEncoding = 4; lastKnownFileType = sourcecode.c.h; path = UIDownloadBar.h; sourceTree = "<group>"; };
		B997A1CE15F774CD007C0367 /* UIDownloadBar.m */ = {isa = PBXFileReference; fileEncoding = 4; lastKnownFileType = sourcecode.c.objc; path = UIDownloadBar.m; sourceTree = "<group>"; };
/* End PBXFileReference section */

/* Begin PBXFrameworksBuildPhase section */
		B9227F0015CBBF1F005216A8 /* Frameworks */ = {
			isa = PBXFrameworksBuildPhase;
			buildActionMask = 2147483647;
			files = (
				B9227F7015CBC053005216A8 /* QuartzCore.framework in Frameworks */,
				B9227F6E15CBC046005216A8 /* SystemConfiguration.framework in Frameworks */,
				B9227F6C15CBC040005216A8 /* StoreKit.framework in Frameworks */,
				B9227F6A15CBC031005216A8 /* MessageUI.framework in Frameworks */,
				B9227F6815CBC026005216A8 /* ImageIO.framework in Frameworks */,
				B9227F0815CBBF1F005216A8 /* UIKit.framework in Frameworks */,
				B9227F0A15CBBF1F005216A8 /* Foundation.framework in Frameworks */,
				B9227F0C15CBBF1F005216A8 /* CoreGraphics.framework in Frameworks */,
			);
			runOnlyForDeploymentPostprocessing = 0;
		};
/* End PBXFrameworksBuildPhase section */

/* Begin PBXGroup section */
		B9227EF815CBBF1E005216A8 = {
			isa = PBXGroup;
			children = (
				B9227F0D15CBBF1F005216A8 /* NewsstandMagazine */,
				B9227F0615CBBF1F005216A8 /* Frameworks */,
				B9227F0415CBBF1F005216A8 /* Products */,
			);
			sourceTree = "<group>";
		};
		B9227F0415CBBF1F005216A8 /* Products */ = {
			isa = PBXGroup;
			children = (
				B9227F0315CBBF1F005216A8 /* NewsstandMagazine.app */,
			);
			name = Products;
			sourceTree = "<group>";
		};
		B9227F0615CBBF1F005216A8 /* Frameworks */ = {
			isa = PBXGroup;
			children = (
				B9227F6F15CBC053005216A8 /* QuartzCore.framework */,
				B9227F6D15CBC046005216A8 /* SystemConfiguration.framework */,
				B9227F6B15CBC040005216A8 /* StoreKit.framework */,
				B9227F6915CBC031005216A8 /* MessageUI.framework */,
				B9227F6715CBC026005216A8 /* ImageIO.framework */,
				B9227F0715CBBF1F005216A8 /* UIKit.framework */,
				B9227F0915CBBF1F005216A8 /* Foundation.framework */,
				B9227F0B15CBBF1F005216A8 /* CoreGraphics.framework */,
			);
			name = Frameworks;
			sourceTree = "<group>";
		};
		B9227F0D15CBBF1F005216A8 /* NewsstandMagazine */ = {
			isa = PBXGroup;
			children = (
				B9227F2715CBBF46005216A8 /* Class */,
				B9227F1615CBBF1F005216A8 /* GRAppDelegate.h */,
				B9227F1715CBBF1F005216A8 /* GRAppDelegate.m */,
				B9227F1915CBBF1F005216A8 /* MainStoryboard_iPhone.storyboard */,
				B9227F1C15CBBF1F005216A8 /* MainStoryboard_iPad.storyboard */,
				B9227F0E15CBBF1F005216A8 /* Supporting Files */,
			);
			path = NewsstandMagazine;
			sourceTree = "<group>";
		};
		B9227F0E15CBBF1F005216A8 /* Supporting Files */ = {
			isa = PBXGroup;
			children = (
				B997A1D415F77674007C0367 /* Images */,
				B9227F0F15CBBF1F005216A8 /* NewsstandMagazine-Info.plist */,
				B9227F1015CBBF1F005216A8 /* InfoPlist.strings */,
				B9227F1315CBBF1F005216A8 /* main.m */,
				B9227F1515CBBF1F005216A8 /* NewsstandMagazine-Prefix.pch */,
			);
			name = "Supporting Files";
			sourceTree = "<group>";
		};
		B9227F2715CBBF46005216A8 /* Class */ = {
			isa = PBXGroup;
			children = (
				B9227F7115CBC0FB005216A8 /* PDF */,
				B9227F6615CBBFF7005216A8 /* Images */,
				B9227F3E15CBBFAE005216A8 /* Grid */,
				B9227F3415CBBF71005216A8 /* Hud */,
				B9227F3315CBBF68005216A8 /* Downloader */,
				B9227F2815CBBF5A005216A8 /* MagazineGridViewCellViewController.h */,
				B9227F2915CBBF5A005216A8 /* MagazineGridViewCellViewController.m */,
				B9227F2A15CBBF5A005216A8 /* MagazineGridViewCell.h */,
				B9227F2B15CBBF5A005216A8 /* MagazineGridViewCell.m */,
				B9227F2C15CBBF5A005216A8 /* MagazineGridViewCell.xib */,
				B9227F2D15CBBF5A005216A8 /* MagazineReaderViewController.h */,
				B9227F2E15CBBF5A005216A8 /* MagazineReaderViewController.m */,
			);
			name = Class;
			sourceTree = "<group>";
		};
		B9227F3315CBBF68005216A8 /* Downloader */ = {
			isa = PBXGroup;
			children = (
				B997A1CD15F774CD007C0367 /* UIDownloadBar.h */,
				B997A1CE15F774CD007C0367 /* UIDownloadBar.m */,
			);
			name = Downloader;
			sourceTree = "<group>";
		};
		B9227F3415CBBF71005216A8 /* Hud */ = {
			isa = PBXGroup;
			children = (
				B9227F3815CBBF97005216A8 /* MBProgressHUD.h */,
				B9227F3915CBBF97005216A8 /* MBProgressHUD.m */,
				B9227F3A15CBBF97005216A8 /* Reachability.h */,
				B9227F3B15CBBF97005216A8 /* Reachability.m */,
			);
			name = Hud;
			sourceTree = "<group>";
		};
		B9227F3E15CBBFAE005216A8 /* Grid */ = {
			isa = PBXGroup;
			children = (
				B9227F3F15CBBFDA005216A8 /* AQGridView.h */,
				B9227F4015CBBFDA005216A8 /* AQGridView.m */,
				B9227F4115CBBFDA005216A8 /* AQGridView+CellLayout.h */,
				B9227F4215CBBFDA005216A8 /* AQGridView+CellLocationDelegation.h */,
				B9227F4315CBBFDA005216A8 /* AQGridViewAnimatorItem.h */,
				B9227F4415CBBFDA005216A8 /* AQGridViewAnimatorItem.m */,
				B9227F4515CBBFDA005216A8 /* AQGridViewCell.h */,
				B9227F4615CBBFDA005216A8 /* AQGridViewCell.m */,
				B9227F4715CBBFDA005216A8 /* AQGridViewCell+AQGridViewCellPrivate.h */,
				B9227F4815CBBFDA005216A8 /* AQGridViewController.h */,
				B9227F4915CBBFDA005216A8 /* AQGridViewController.m */,
				B9227F4A15CBBFDA005216A8 /* AQGridViewData.h */,
				B9227F4B15CBBFDA005216A8 /* AQGridViewData.m */,
				B9227F4C15CBBFDA005216A8 /* AQGridViewUpdateInfo.h */,
				B9227F4D15CBBFDA005216A8 /* AQGridViewUpdateInfo.m */,
				B9227F4E15CBBFDA005216A8 /* AQGridViewUpdateItem.h */,
				B9227F4F15CBBFDA005216A8 /* AQGridViewUpdateItem.m */,
				B9227F5015CBBFDA005216A8 /* NSIndexSet+AQIndexesOutsideSet.h */,
				B9227F5115CBBFDA005216A8 /* NSIndexSet+AQIndexesOutsideSet.m */,
				B9227F5215CBBFDA005216A8 /* NSIndexSet+AQIsSetContiguous.h */,
				B9227F5315CBBFDA005216A8 /* NSIndexSet+AQIsSetContiguous.m */,
				B9227F5415CBBFDA005216A8 /* UIColor+AQGridView.h */,
				B9227F5515CBBFDA005216A8 /* UIColor+AQGridView.m */,
			);
			name = Grid;
			sourceTree = "<group>";
		};
		B9227F6615CBBFF7005216A8 /* Images */ = {
			isa = PBXGroup;
			children = (
				B9227F6015CBBFE3005216A8 /* iPhone-alert.png */,
				B9227F6115CBBFE3005216A8 /* ipad-alert.png */,
				B9227F6215CBBFE3005216A8 /* no-image.png */,
			);
			name = Images;
			sourceTree = "<group>";
		};
		B9227F7115CBC0FB005216A8 /* PDF */ = {
			isa = PBXGroup;
			children = (
				B997A1B715F763A6007C0367 /* PDFViewerViewController.h */,
				B997A1B815F763A6007C0367 /* PDFViewerViewController.m */,
			);
			name = PDF;
			sourceTree = "<group>";
		};
		B997A1D415F77674007C0367 /* Images */ = {
			isa = PBXGroup;
			children = (
				B997A1CB15F773FE007C0367 /* iphone_icon.png */,
				B997A1C915F773ED007C0367 /* Default.png */,
				B997A1C615F773BF007C0367 /* Default-Portrait~ipad.png */,
			);
			name = Images;
			path = ..;
			sourceTree = "<group>";
		};
/* End PBXGroup section */

/* Begin PBXNativeTarget section */
		B9227F0215CBBF1F005216A8 /* NewsstandMagazine */ = {
			isa = PBXNativeTarget;
			buildConfigurationList = B9227F2415CBBF1F005216A8 /* Build configuration list for PBXNativeTarget "NewsstandMagazine" */;
			buildPhases = (
				B9227EFF15CBBF1F005216A8 /* Sources */,
				B9227F0015CBBF1F005216A8 /* Frameworks */,
				B9227F0115CBBF1F005216A8 /* Resources */,
			);
			buildRules = (
			);
			dependencies = (
			);
			name = NewsstandMagazine;
			productName = NewsstandMagazine;
			productReference = B9227F0315CBBF1F005216A8 /* NewsstandMagazine.app */;
			productType = "com.apple.product-type.application";
		};
/* End PBXNativeTarget section */

/* Begin PBXProject section */
		B9227EFA15CBBF1E005216A8 /* Project object */ = {
			isa = PBXProject;
			attributes = {
				CLASSPREFIX = GR;
				LastUpgradeCheck = 0440;
				ORGANIZATIONNAME = "Gaurav Raj";
			};
			buildConfigurationList = B9227EFD15CBBF1F005216A8 /* Build configuration list for PBXProject "NewsstandMagazine" */;
			compatibilityVersion = "Xcode 3.2";
			developmentRegion = English;
			hasScannedForEncodings = 0;
			knownRegions = (
				en,
			);
			mainGroup = B9227EF815CBBF1E005216A8;
			productRefGroup = B9227F0415CBBF1F005216A8 /* Products */;
			projectDirPath = "";
			projectRoot = "";
			targets = (
				B9227F0215CBBF1F005216A8 /* NewsstandMagazine */,
			);
		};
/* End PBXProject section */

/* Begin PBXResourcesBuildPhase section */
		B9227F0115CBBF1F005216A8 /* Resources */ = {
			isa = PBXResourcesBuildPhase;
			buildActionMask = 2147483647;
			files = (
				B9227F1215CBBF1F005216A8 /* InfoPlist.strings in Resources */,
				B9227F1B15CBBF1F005216A8 /* MainStoryboard_iPhone.storyboard in Resources */,
				B9227F1E15CBBF1F005216A8 /* MainStoryboard_iPad.storyboard in Resources */,
				B9227F3115CBBF5A005216A8 /* MagazineGridViewCell.xib in Resources */,
				B9227F6315CBBFE3005216A8 /* iPhone-alert.png in Resources */,
				B9227F6415CBBFE3005216A8 /* ipad-alert.png in Resources */,
				B9227F6515CBBFE3005216A8 /* no-image.png in Resources */,
				B997A1C715F773BF007C0367 /* Default-Portrait~ipad.png in Resources */,
				B997A1CC15F773FE007C0367 /* iphone_icon.png in Resources */,
			);
			runOnlyForDeploymentPostprocessing = 0;
		};
/* End PBXResourcesBuildPhase section */

/* Begin PBXSourcesBuildPhase section */
		B9227EFF15CBBF1F005216A8 /* Sources */ = {
			isa = PBXSourcesBuildPhase;
			buildActionMask = 2147483647;
			files = (
				B9227F1415CBBF1F005216A8 /* main.m in Sources */,
				B9227F1815CBBF1F005216A8 /* GRAppDelegate.m in Sources */,
				B9227F2F15CBBF5A005216A8 /* MagazineGridViewCellViewController.m in Sources */,
				B9227F3015CBBF5A005216A8 /* MagazineGridViewCell.m in Sources */,
				B9227F3215CBBF5A005216A8 /* MagazineReaderViewController.m in Sources */,
				B9227F3C15CBBF97005216A8 /* MBProgressHUD.m in Sources */,
				B9227F3D15CBBF97005216A8 /* Reachability.m in Sources */,
				B9227F5615CBBFDA005216A8 /* AQGridView.m in Sources */,
				B9227F5715CBBFDA005216A8 /* AQGridViewAnimatorItem.m in Sources */,
				B9227F5815CBBFDA005216A8 /* AQGridViewCell.m in Sources */,
				B9227F5915CBBFDA005216A8 /* AQGridViewController.m in Sources */,
				B9227F5A15CBBFDA005216A8 /* AQGridViewData.m in Sources */,
				B9227F5B15CBBFDA005216A8 /* AQGridViewUpdateInfo.m in Sources */,
				B9227F5C15CBBFDA005216A8 /* AQGridViewUpdateItem.m in Sources */,
				B9227F5D15CBBFDA005216A8 /* NSIndexSet+AQIndexesOutsideSet.m in Sources */,
				B9227F5E15CBBFDA005216A8 /* NSIndexSet+AQIsSetContiguous.m in Sources */,
				B9227F5F15CBBFDA005216A8 /* UIColor+AQGridView.m in Sources */,
				B997A1B915F763A6007C0367 /* PDFViewerViewController.m in Sources */,
				B997A1CF15F774CD007C0367 /* UIDownloadBar.m in Sources */,
			);
			runOnlyForDeploymentPostprocessing = 0;
		};
/* End PBXSourcesBuildPhase section */

/* Begin PBXVariantGroup section */
		B9227F1015CBBF1F005216A8 /* InfoPlist.strings */ = {
			isa = PBXVariantGroup;
			children = (
				B9227F1115CBBF1F005216A8 /* en */,
			);
			name = InfoPlist.strings;
			sourceTree = "<group>";
		};
		B9227F1915CBBF1F005216A8 /* MainStoryboard_iPhone.storyboard */ = {
			isa = PBXVariantGroup;
			children = (
				B9227F1A15CBBF1F005216A8 /* en */,
			);
			name = MainStoryboard_iPhone.storyboard;
			sourceTree = "<group>";
		};
		B9227F1C15CBBF1F005216A8 /* MainStoryboard_iPad.storyboard */ = {
			isa = PBXVariantGroup;
			children = (
				B9227F1D15CBBF1F005216A8 /* en */,
			);
			name = MainStoryboard_iPad.storyboard;
			sourceTree = "<group>";
		};
/* End PBXVariantGroup section */

/* Begin XCBuildConfiguration section */
		B9227F2215CBBF1F005216A8 /* Debug */ = {
			isa = XCBuildConfiguration;
			buildSettings = {
				ALWAYS_SEARCH_USER_PATHS = NO;
				ARCHS = "$(ARCHS_STANDARD_32_BIT)";
				CLANG_CXX_LANGUAGE_STANDARD = "gnu++0x";
				CLANG_WARN__DUPLICATE_METHOD_MATCH = YES;
				"CODE_SIGN_IDENTITY[sdk=iphoneos*]" = "iPhone Developer";
				COPY_PHASE_STRIP = NO;
				GCC_C_LANGUAGE_STANDARD = gnu99;
				GCC_DYNAMIC_NO_PIC = NO;
				GCC_OPTIMIZATION_LEVEL = 0;
				GCC_PREPROCESSOR_DEFINITIONS = (
					"DEBUG=1",
					"$(inherited)",
				);
				GCC_SYMBOLS_PRIVATE_EXTERN = NO;
				GCC_VERSION = com.apple.compilers.llvm.clang.1_0;
				GCC_WARN_ABOUT_RETURN_TYPE = YES;
				GCC_WARN_UNINITIALIZED_AUTOS = YES;
				GCC_WARN_UNUSED_VARIABLE = YES;
				IPHONEOS_DEPLOYMENT_TARGET = 5.1;
				SDKROOT = iphoneos;
				TARGETED_DEVICE_FAMILY = "1,2";
			};
			name = Debug;
		};
		B9227F2315CBBF1F005216A8 /* Release */ = {
			isa = XCBuildConfiguration;
			buildSettings = {
				ALWAYS_SEARCH_USER_PATHS = NO;
				ARCHS = "$(ARCHS_STANDARD_32_BIT)";
				CLANG_CXX_LANGUAGE_STANDARD = "gnu++0x";
				CLANG_WARN__DUPLICATE_METHOD_MATCH = YES;
				"CODE_SIGN_IDENTITY[sdk=iphoneos*]" = "iPhone Developer";
				COPY_PHASE_STRIP = YES;
				GCC_C_LANGUAGE_STANDARD = gnu99;
				GCC_VERSION = com.apple.compilers.llvm.clang.1_0;
				GCC_WARN_ABOUT_RETURN_TYPE = YES;
				GCC_WARN_UNINITIALIZED_AUTOS = YES;
				GCC_WARN_UNUSED_VARIABLE = YES;
				IPHONEOS_DEPLOYMENT_TARGET = 5.1;
				OTHER_CFLAGS = "-DNS_BLOCK_ASSERTIONS=1";
				SDKROOT = iphoneos;
				TARGETED_DEVICE_FAMILY = "1,2";
				VALIDATE_PRODUCT = YES;
			};
			name = Release;
		};
		B9227F2515CBBF1F005216A8 /* Debug */ = {
			isa = XCBuildConfiguration;
			buildSettings = {
				GCC_PRECOMPILE_PREFIX_HEADER = YES;
				GCC_PREFIX_HEADER = "NewsstandMagazine/NewsstandMagazine-Prefix.pch";
				INFOPLIST_FILE = "NewsstandMagazine/NewsstandMagazine-Info.plist";
				PRODUCT_NAME = "$(TARGET_NAME)";
				WRAPPER_EXTENSION = app;
			};
			name = Debug;
		};
		B9227F2615CBBF1F005216A8 /* Release */ = {
			isa = XCBuildConfiguration;
			buildSettings = {
				GCC_PRECOMPILE_PREFIX_HEADER = YES;
				GCC_PREFIX_HEADER = "NewsstandMagazine/NewsstandMagazine-Prefix.pch";
				INFOPLIST_FILE = "NewsstandMagazine/NewsstandMagazine-Info.plist";
				PRODUCT_NAME = "$(TARGET_NAME)";
				WRAPPER_EXTENSION = app;
			};
			name = Release;
		};
/* End XCBuildConfiguration section */

/* Begin XCConfigurationList section */
		B9227EFD15CBBF1F005216A8 /* Build configuration list for PBXProject "NewsstandMagazine" */ = {
			isa = XCConfigurationList;
			buildConfigurations = (
				B9227F2215CBBF1F005216A8 /* Debug */,
				B9227F2315CBBF1F005216A8 /* Release */,
			);
			defaultConfigurationIsVisible = 0;
			defaultConfigurationName = Release;
		};
		B9227F2415CBBF1F005216A8 /* Build configuration list for PBXNativeTarget "NewsstandMagazine" */ = {
			isa = XCConfigurationList;
			buildConfigurations = (
				B9227F2515CBBF1F005216A8 /* Debug */,
				B9227F2615CBBF1F005216A8 /* Release */,
			);
			defaultConfigurationIsVisible = 0;
			defaultConfigurationName = Release;
		};
/* End XCConfigurationList section */
	};
	rootObject = B9227EFA15CBBF1E005216A8 /* Project object */;
}
